
Microsoft Visual Studio Solution File, Format Version 12.00
# Visual Studio Version 16
VisualStudioVersion = 16.0.30523.141
MinimumVisualStudioVersion = 10.0.40219.1
Project("{FAE04EC0-301F-11D3-BF4B-00C04F79EFBC}") = "Lab5_Datcu Ioan.Android", "Lab5_Datcu Ioan\Lab5_Datcu Ioan.Android\Lab5_Datcu Ioan.Android.csproj", "{E928AAA3-5328-4915-8626-D6D3D6E17EA3}"
EndProject
Project("{FAE04EC0-301F-11D3-BF4B-00C04F79EFBC}") = "Lab5_Datcu Ioan.iOS", "Lab5_Datcu Ioan\Lab5_Datcu Ioan.iOS\Lab5_Datcu Ioan.iOS.csproj", "{0046FA41-7A8E-4A1E-873E-796B9B383776}"
EndProject
Project("{FAE04EC0-301F-11D3-BF4B-00C04F79EFBC}") = "Lab5_Datcu Ioan", "Lab5_Datcu Ioan\Lab5_Datcu Ioan\Lab5_Datcu Ioan.csproj", "{9F5AE071-5A97-4932-AA5C-41BC4DD875AE}"
EndProject
Global
	GlobalSection(SolutionConfigurationPlatforms) = preSolution
		Debug|Any CPU = Debug|Any CPU
		Debug|iPhone = Debug|iPhone
		Debug|iPhoneSimulator = Debug|iPhoneSimulator
		Release|Any CPU = Release|Any CPU
		Release|iPhone = Release|iPhone
		Release|iPhoneSimulator = Release|iPhoneSimulator
	EndGlobalSection
	GlobalSection(ProjectConfigurationPlatforms) = postSolution
		{E928AAA3-5328-4915-8626-D6D3D6E17EA3}.Debug|Any CPU.ActiveCfg = Debug|Any CPU
		{E928AAA3-5328-4915-8626-D6D3D6E17EA3}.Debug|Any CPU.Build.0 = Debug|Any CPU
		{E928AAA3-5328-4915-8626-D6D3D6E17EA3}.Debug|Any CPU.Deploy.0 = Debug|Any CPU
		{E928AAA3-5328-4915-8626-D6D3D6E17EA3}.Debug|iPhone.ActiveCfg = Debug|Any CPU
		{E928AAA3-5328-4915-8626-D6D3D6E17EA3}.Debug|iPhone.Build.0 = Debug|Any CPU
		{E928AAA3-5328-4915-8626-D6D3D6E17EA3}.Debug|iPhone.Deploy.0 = Debug|Any CPU
		{E928AAA3-5328-4915-8626-D6D3D6E17EA3}.Debug|iPhoneSimulator.ActiveCfg = Debug|Any CPU
		{E928AAA3-5328-4915-8626-D6D3D6E17EA3}.Debug|iPhoneSimulator.Build.0 = Debug|Any CPU
		{E928AAA3-5328-4915-8626-D6D3D6E17EA3}.Debug|iPhoneSimulator.Deploy.0 = Debug|Any CPU
		{E928AAA3-5328-4915-8626-D6D3D6E17EA3}.Release|Any CPU.ActiveCfg = Release|Any CPU
		{E928AAA3-5328-4915-8626-D6D3D6E17EA3}.Release|Any CPU.Build.0 = Release|Any CPU
		{E928AAA3-5328-4915-8626-D6D3D6E17EA3}.Release|Any CPU.Deploy.0 = Release|Any CPU
		{E928AAA3-5328-4915-8626-D6D3D6E17EA3}.Release|iPhone.ActiveCfg = Release|Any CPU
		{E928AAA3-5328-4915-8626-D6D3D6E17EA3}.Release|iPhone.Build.0 = Release|Any CPU
		{E928AAA3-5328-4915-8626-D6D3D6E17EA3}.Release|iPhone.Deploy.0 = Release|Any CPU
		{E928AAA3-5328-4915-8626-D6D3D6E17EA3}.Release|iPhoneSimulator.ActiveCfg = Release|Any CPU
		{E928AAA3-5328-4915-8626-D6D3D6E17EA3}.Release|iPhoneSimulator.Build.0 = Release|Any CPU
		{E928AAA3-5328-4915-8626-D6D3D6E17EA3}.Release|iPhoneSimulator.Deploy.0 = Release|Any CPU
		{0046FA41-7A8E-4A1E-873E-796B9B383776}.Debug|Any CPU.ActiveCfg = Debug|iPhone
		{0046FA41-7A8E-4A1E-873E-796B9B383776}.Debug|Any CPU.Build.0 = Debug|iPhone
		{0046FA41-7A8E-4A1E-873E-796B9B383776}.Debug|Any CPU.Deploy.0 = Debug|iPhone
		{0046FA41-7A8E-4A1E-873E-796B9B383776}.Debug|iPhone.ActiveCfg = Debug|iPhone
		{0046FA41-7A8E-4A1E-873E-796B9B383776}.Debug|iPhone.Build.0 = Debug|iPhone
		{0046FA41-7A8E-4A1E-873E-796B9B383776}.Debug|iPhone.Deploy.0 = Debug|iPhone
		{0046FA41-7A8E-4A1E-873E-796B9B383776}.Debug|iPhoneSimulator.ActiveCfg = Debug|iPhoneSimulator
		{0046FA41-7A8E-4A1E-873E-796B9B383776}.Debug|iPhoneSimulator.Build.0 = Debug|iPhoneSimulator
		{0046FA41-7A8E-4A1E-873E-796B9B383776}.Debug|iPhoneSimulator.Deploy.0 = Debug|iPhoneSimulator
		{0046FA41-7A8E-4A1E-873E-796B9B383776}.Release|Any CPU.ActiveCfg = Release|iPhoneSimulator
		{0046FA41-7A8E-4A1E-873E-796B9B383776}.Release|Any CPU.Build.0 = Release|iPhoneSimulator
		{0046FA41-7A8E-4A1E-873E-796B9B383776}.Release|Any CPU.Deploy.0 = Release|iPhoneSimulator
		{0046FA41-7A8E-4A1E-873E-796B9B383776}.Release|iPhone.ActiveCfg = Release|iPhone
		{0046FA41-7A8E-4A1E-873E-796B9B383776}.Release|iPhone.Build.0 = Release|iPhone
		{0046FA41-7A8E-4A1E-873E-796B9B383776}.Release|iPhone.Deploy.0 = Release|iPhone
		{0046FA41-7A8E-4A1E-873E-796B9B383776}.Release|iPhoneSimulator.ActiveCfg = Release|iPhoneSimulator
		{0046FA41-7A8E-4A1E-873E-796B9B383776}.Release|iPhoneSimulator.Build.0 = Release|iPhoneSimulator
		{0046FA41-7A8E-4A1E-873E-796B9B383776}.Release|iPhoneSimulator.Deploy.0 = Release|iPhoneSimulator
		{9F5AE071-5A97-4932-AA5C-41BC4DD875AE}.Debug|Any CPU.ActiveCfg = Debug|Any CPU
		{9F5AE071-5A97-4932-AA5C-41BC4DD875AE}.Debug|Any CPU.Build.0 = Debug|Any CPU
		{9F5AE071-5A97-4932-AA5C-41BC4DD875AE}.Debug|Any CPU.Deploy.0 = Debug|Any CPU
		{9F5AE071-5A97-4932-AA5C-41BC4DD875AE}.Debug|iPhone.ActiveCfg = Debug|Any CPU
		{9F5AE071-5A97-4932-AA5C-41BC4DD875AE}.Debug|iPhone.Build.0 = Debug|Any CPU
		{9F5AE071-5A97-4932-AA5C-41BC4DD875AE}.Debug|iPhone.Deploy.0 = Debug|Any CPU
		{9F5AE071-5A97-4932-AA5C-41BC4DD875AE}.Debug|iPhoneSimulator.ActiveCfg = Debug|Any CPU
		{9F5AE071-5A97-4932-AA5C-41BC4DD875AE}.Debug|iPhoneSimulator.Build.0 = Debug|Any CPU
		{9F5AE071-5A97-4932-AA5C-41BC4DD875AE}.Debug|iPhoneSimulator.Deploy.0 = Debug|Any CPU
		{9F5AE071-5A97-4932-AA5C-41BC4DD875AE}.Release|Any CPU.ActiveCfg = Release|Any CPU
		{9F5AE071-5A97-4932-AA5C-41BC4DD875AE}.Release|Any CPU.Build.0 = Release|Any CPU
		{9F5AE071-5A97-4932-AA5C-41BC4DD875AE}.Release|Any CPU.Deploy.0 = Release|Any CPU
		{9F5AE071-5A97-4932-AA5C-41BC4DD875AE}.Release|iPhone.ActiveCfg = Release|Any CPU
		{9F5AE071-5A97-4932-AA5C-41BC4DD875AE}.Release|iPhone.Build.0 = Release|Any CPU
		{9F5AE071-5A97-4932-AA5C-41BC4DD875AE}.Release|iPhone.Deploy.0 = Release|Any CPU
		{9F5AE071-5A97-4932-AA5C-41BC4DD875AE}.Release|iPhoneSimulator.ActiveCfg = Release|Any CPU
		{9F5AE071-5A97-4932-AA5C-41BC4DD875AE}.Release|iPhoneSimulator.Build.0 = Release|Any CPU
		{9F5AE071-5A97-4932-AA5C-41BC4DD875AE}.Release|iPhoneSimulator.Deploy.0 = Release|Any CPU
	EndGlobalSection
	GlobalSection(SolutionProperties) = preSolution
		HideSolutionNode = FALSE
	EndGlobalSection
	GlobalSection(ExtensibilityGlobals) = postSolution
		SolutionGuid = {61119D24-26BA-4ADD-932B-DE16C0157DAE}
	EndGlobalSection
EndGlobal
